
Microsoft Visual Studio Solution File, Format Version 12.00
# Visual Studio Version 17
VisualStudioVersion = 17.5.002.0
MinimumVisualStudioVersion = 10.0.40219.1
Project("{9A19103F-16F7-4668-BE54-9A1E7A4F7556}") = "DynamicBGM", "DynamicBGM.csproj", "{BEC32493-E6BD-488C-B523-CD46644076E9}"
EndProject
Global
	GlobalSection(SolutionConfigurationPlatforms) = preSolution
		Debug|Any CPU = Debug|Any CPU
		Release|Any CPU = Release|Any CPU
	EndGlobalSection
	GlobalSection(ProjectConfigurationPlatforms) = postSolution
		{BEC32493-E6BD-488C-B523-CD46644076E9}.Debug|Any CPU.ActiveCfg = Debug|Any CPU
		{BEC32493-E6BD-488C-B523-CD46644076E9}.Debug|Any CPU.Build.0 = Debug|Any CPU
		{BEC32493-E6BD-488C-B523-CD46644076E9}.Release|Any CPU.ActiveCfg = Release|Any CPU
		{BEC32493-E6BD-488C-B523-CD46644076E9}.Release|Any CPU.Build.0 = Release|Any CPU
	EndGlobalSection
	GlobalSection(SolutionProperties) = preSolution
		HideSolutionNode = FALSE
	EndGlobalSection
	GlobalSection(ExtensibilityGlobals) = postSolution
		SolutionGuid = {253BA97B-1835-4956-9C9F-AB84DFC837D5}
	EndGlobalSection
EndGlobal
